// !$*UTF8*$!
{
	archiveVersion = 1;
	classes = {
	};
	objectVersion = 50;
	objects = {

/* Begin PBXBuildFile section */
		483E733E2567AF0D00BD0600 /* AppDelegate.m in Sources */ = {isa = PBXBuildFile; fileRef = 483E733D2567AF0D00BD0600 /* AppDelegate.m */; };
		483E73412567AF0D00BD0600 /* SceneDelegate.m in Sources */ = {isa = PBXBuildFile; fileRef = 483E73402567AF0D00BD0600 /* SceneDelegate.m */; };
		483E73442567AF0D00BD0600 /* ViewController.m in Sources */ = {isa = PBXBuildFile; fileRef = 483E73432567AF0D00BD0600 /* ViewController.m */; };
		483E73472567AF0D00BD0600 /* Main.storyboard in Resources */ = {isa = PBXBuildFile; fileRef = 483E73452567AF0D00BD0600 /* Main.storyboard */; };
		483E73492567AF0D00BD0600 /* Assets.xcassets in Resources */ = {isa = PBXBuildFile; fileRef = 483E73482567AF0D00BD0600 /* Assets.xcassets */; };
		483E734F2567AF0D00BD0600 /* main.m in Sources */ = {isa = PBXBuildFile; fileRef = 483E734E2567AF0D00BD0600 /* main.m */; };
		483E73632567CDD000BD0600 /* Message.m in Sources */ = {isa = PBXBuildFile; fileRef = 483E73622567CDD000BD0600 /* Message.m */; };
		483E73672567CDE700BD0600 /* ImageMessage.m in Sources */ = {isa = PBXBuildFile; fileRef = 483E73662567CDE700BD0600 /* ImageMessage.m */; };
		483E736B2567CFD500BD0600 /* LSPImageMessage.m in Sources */ = {isa = PBXBuildFile; fileRef = 483E736A2567CFD500BD0600 /* LSPImageMessage.m */; };
		4845F52825691AD100A6C287 /* LaunchScreen.storyboard in Resources */ = {isa = PBXBuildFile; fileRef = 4845F52725691AD100A6C287 /* LaunchScreen.storyboard */; };
/* End PBXBuildFile section */

/* Begin PBXFileReference section */
		483E73392567AF0D00BD0600 /* MQLSPDemo.app */ = {isa = PBXFileReference; explicitFileType = wrapper.application; includeInIndex = 0; path = MQLSPDemo.app; sourceTree = BUILT_PRODUCTS_DIR; };
		483E733C2567AF0D00BD0600 /* AppDelegate.h */ = {isa = PBXFileReference; lastKnownFileType = sourcecode.c.h; path = AppDelegate.h; sourceTree = "<group>"; };
		483E733D2567AF0D00BD0600 /* AppDelegate.m */ = {isa = PBXFileReference; lastKnownFileType = sourcecode.c.objc; path = AppDelegate.m; sourceTree = "<group>"; };
		483E733F2567AF0D00BD0600 /* SceneDelegate.h */ = {isa = PBXFileReference; lastKnownFileType = sourcecode.c.h; path = SceneDelegate.h; sourceTree = "<group>"; };
		483E73402567AF0D00BD0600 /* SceneDelegate.m */ = {isa = PBXFileReference; lastKnownFileType = sourcecode.c.objc; path = SceneDelegate.m; sourceTree = "<group>"; };
		483E73422567AF0D00BD0600 /* ViewController.h */ = {isa = PBXFileReference; lastKnownFileType = sourcecode.c.h; path = ViewController.h; sourceTree = "<group>"; };
		483E73432567AF0D00BD0600 /* ViewController.m */ = {isa = PBXFileReference; lastKnownFileType = sourcecode.c.objc; path = ViewController.m; sourceTree = "<group>"; };
		483E73462567AF0D00BD0600 /* Base */ = {isa = PBXFileReference; lastKnownFileType = file.storyboard; name = Base; path = Base.lproj/Main.storyboard; sourceTree = "<group>"; };
		483E73482567AF0D00BD0600 /* Assets.xcassets */ = {isa = PBXFileReference; lastKnownFileType = folder.assetcatalog; path = Assets.xcassets; sourceTree = "<group>"; };
		483E734D2567AF0D00BD0600 /* Info.plist */ = {isa = PBXFileReference; lastKnownFileType = text.plist.xml; path = Info.plist; sourceTree = "<group>"; };
		483E734E2567AF0D00BD0600 /* main.m */ = {isa = PBXFileReference; lastKnownFileType = sourcecode.c.objc; path = main.m; sourceTree = "<group>"; };
		483E73612567CDD000BD0600 /* Message.h */ = {isa = PBXFileReference; lastKnownFileType = sourcecode.c.h; path = Message.h; sourceTree = "<group>"; };
		483E73622567CDD000BD0600 /* Message.m */ = {isa = PBXFileReference; lastKnownFileType = sourcecode.c.objc; path = Message.m; sourceTree = "<group>"; };
		483E73652567CDE700BD0600 /* ImageMessage.h */ = {isa = PBXFileReference; lastKnownFileType = sourcecode.c.h; path = ImageMessage.h; sourceTree = "<group>"; };
		483E73662567CDE700BD0600 /* ImageMessage.m */ = {isa = PBXFileReference; lastKnownFileType = sourcecode.c.objc; path = ImageMessage.m; sourceTree = "<group>"; };
		483E73692567CFD500BD0600 /* LSPImageMessage.h */ = {isa = PBXFileReference; lastKnownFileType = sourcecode.c.h; path = LSPImageMessage.h; sourceTree = "<group>"; };
		483E736A2567CFD500BD0600 /* LSPImageMessage.m */ = {isa = PBXFileReference; lastKnownFileType = sourcecode.c.objc; path = LSPImageMessage.m; sourceTree = "<group>"; };
		4845F52725691AD100A6C287 /* LaunchScreen.storyboard */ = {isa = PBXFileReference; lastKnownFileType = file.storyboard; path = LaunchScreen.storyboard; sourceTree = "<group>"; };
/* End PBXFileReference section */

/* Begin PBXFrameworksBuildPhase section */
		483E73362567AF0D00BD0600 /* Frameworks */ = {
			isa = PBXFrameworksBuildPhase;
			buildActionMask = 2147483647;
			files = (
			);
			runOnlyForDeploymentPostprocessing = 0;
		};
/* End PBXFrameworksBuildPhase section */

/* Begin PBXGroup section */
		483E73302567AF0D00BD0600 = {
			isa = PBXGroup;
			children = (
				483E733B2567AF0D00BD0600 /* MQLSPDemo */,
				483E733A2567AF0D00BD0600 /* Products */,
			);
			sourceTree = "<group>";
		};
		483E733A2567AF0D00BD0600 /* Products */ = {
			isa = PBXGroup;
			children = (
				483E73392567AF0D00BD0600 /* MQLSPDemo.app */,
			);
			name = Products;
			sourceTree = "<group>";
		};
		483E733B2567AF0D00BD0600 /* MQLSPDemo */ = {
			isa = PBXGroup;
			children = (
				483E733C2567AF0D00BD0600 /* AppDelegate.h */,
				483E733D2567AF0D00BD0600 /* AppDelegate.m */,
				483E733F2567AF0D00BD0600 /* SceneDelegate.h */,
				483E73402567AF0D00BD0600 /* SceneDelegate.m */,
				483E73422567AF0D00BD0600 /* ViewController.h */,
				483E73432567AF0D00BD0600 /* ViewController.m */,
				483E73612567CDD000BD0600 /* Message.h */,
				483E73622567CDD000BD0600 /* Message.m */,
				483E73652567CDE700BD0600 /* ImageMessage.h */,
				483E73662567CDE700BD0600 /* ImageMessage.m */,
				483E73692567CFD500BD0600 /* LSPImageMessage.h */,
				483E736A2567CFD500BD0600 /* LSPImageMessage.m */,
				483E73452567AF0D00BD0600 /* Main.storyboard */,
				483E73482567AF0D00BD0600 /* Assets.xcassets */,
				4845F52725691AD100A6C287 /* LaunchScreen.storyboard */,
				483E734D2567AF0D00BD0600 /* Info.plist */,
				483E734E2567AF0D00BD0600 /* main.m */,
			);
			path = MQLSPDemo;
			sourceTree = "<group>";
		};
/* End PBXGroup section */

/* Begin PBXNativeTarget section */
		483E73382567AF0D00BD0600 /* MQLSPDemo */ = {
			isa = PBXNativeTarget;
			buildConfigurationList = 483E73522567AF0D00BD0600 /* Build configuration list for PBXNativeTarget "MQLSPDemo" */;
			buildPhases = (
				483E73352567AF0D00BD0600 /* Sources */,
				483E73362567AF0D00BD0600 /* Frameworks */,
				483E73372567AF0D00BD0600 /* Resources */,
			);
			buildRules = (
			);
			dependencies = (
			);
			name = MQLSPDemo;
			productName = MQLSPDemo;
			productReference = 483E73392567AF0D00BD0600 /* MQLSPDemo.app */;
			productType = "com.apple.product-type.application";
		};
/* End PBXNativeTarget section */

/* Begin PBXProject section */
		483E73312567AF0D00BD0600 /* Project object */ = {
			isa = PBXProject;
			attributes = {
				LastUpgradeCheck = 1220;
				TargetAttributes = {
					483E73382567AF0D00BD0600 = {
						CreatedOnToolsVersion = 12.2;
					};
				};
			};
			buildConfigurationList = 483E73342567AF0D00BD0600 /* Build configuration list for PBXProject "MQLSPDemo" */;
			compatibilityVersion = "Xcode 9.3";
			developmentRegion = en;
			hasScannedForEncodings = 0;
			knownRegions = (
				en,
				Base,
			);
			mainGroup = 483E73302567AF0D00BD0600;
			productRefGroup = 483E733A2567AF0D00BD0600 /* Products */;
			projectDirPath = "";
			projectRoot = "";
			targets = (
				483E73382567AF0D00BD0600 /* MQLSPDemo */,
			);
		};
/* End PBXProject section */

/* Begin PBXResourcesBuildPhase section */
		483E73372567AF0D00BD0600 /* Resources */ = {
			isa = PBXResourcesBuildPhase;
			buildActionMask = 2147483647;
			files = (
				4845F52825691AD100A6C287 /* LaunchScreen.storyboard in Resources */,
				483E73492567AF0D00BD0600 /* Assets.xcassets in Resources */,
				483E73472567AF0D00BD0600 /* Main.storyboard in Resources */,
			);
			runOnlyForDeploymentPostprocessing = 0;
		};
/* End PBXResourcesBuildPhase section */

/* Begin PBXSourcesBuildPhase section */
		483E73352567AF0D00BD0600 /* Sources */ = {
			isa = PBXSourcesBuildPhase;
			buildActionMask = 2147483647;
			files = (
				483E73442567AF0D00BD0600 /* ViewController.m in Sources */,
				483E733E2567AF0D00BD0600 /* AppDelegate.m in Sources */,
				483E73632567CDD000BD0600 /* Message.m in Sources */,
				483E734F2567AF0D00BD0600 /* main.m in Sources */,
				483E73412567AF0D00BD0600 /* SceneDelegate.m in Sources */,
				483E73672567CDE700BD0600 /* ImageMessage.m in Sources */,
				483E736B2567CFD500BD0600 /* LSPImageMessage.m in Sources */,
			);
			runOnlyForDeploymentPostprocessing = 0;
		};
/* End PBXSourcesBuildPhase section */

/* Begin PBXVariantGroup section */
		483E73452567AF0D00BD0600 /* Main.storyboard */ = {
			isa = PBXVariantGroup;
			children = (
				483E73462567AF0D00BD0600 /* Base */,
			);
			name = Main.storyboard;
			sourceTree = "<group>";
		};
/* End PBXVariantGroup section */

/* Begin XCBuildConfiguration section */
		483E73502567AF0D00BD0600 /* Debug */ = {
			isa = XCBuildConfiguration;
			buildSettings = {
				ALWAYS_SEARCH_USER_PATHS = NO;
				CLANG_ANALYZER_NONNULL = YES;
				CLANG_ANALYZER_NUMBER_OBJECT_CONVERSION = YES_AGGRESSIVE;
				CLANG_CXX_LANGUAGE_STANDARD = "gnu++14";
				CLANG_CXX_LIBRARY = "libc++";
				CLANG_ENABLE_MODULES = YES;
				CLANG_ENABLE_OBJC_ARC = YES;
				CLANG_ENABLE_OBJC_WEAK = YES;
				CLANG_WARN_BLOCK_CAPTURE_AUTORELEASING = YES;
				CLANG_WARN_BOOL_CONVERSION = YES;
				CLANG_WARN_COMMA = YES;
				CLANG_WARN_CONSTANT_CONVERSION = YES;
				CLANG_WARN_DEPRECATED_OBJC_IMPLEMENTATIONS = YES;
				CLANG_WARN_DIRECT_OBJC_ISA_USAGE = YES_ERROR;
				CLANG_WARN_DOCUMENTATION_COMMENTS = YES;
				CLANG_WARN_EMPTY_BODY = YES;
				CLANG_WARN_ENUM_CONVERSION = YES;
				CLANG_WARN_INFINITE_RECURSION = YES;
				CLANG_WARN_INT_CONVERSION = YES;
				CLANG_WARN_NON_LITERAL_NULL_CONVERSION = YES;
				CLANG_WARN_OBJC_IMPLICIT_RETAIN_SELF = YES;
				CLANG_WARN_OBJC_LITERAL_CONVERSION = YES;
				CLANG_WARN_OBJC_ROOT_CLASS = YES_ERROR;
				CLANG_WARN_QUOTED_INCLUDE_IN_FRAMEWORK_HEADER = YES;
				CLANG_WARN_RANGE_LOOP_ANALYSIS = YES;
				CLANG_WARN_STRICT_PROTOTYPES = YES;
				CLANG_WARN_SUSPICIOUS_MOVE = YES;
				CLANG_WARN_UNGUARDED_AVAILABILITY = YES_AGGRESSIVE;
				CLANG_WARN_UNREACHABLE_CODE = YES;
				CLANG_WARN__DUPLICATE_METHOD_MATCH = YES;
				COPY_PHASE_STRIP = NO;
				DEBUG_INFORMATION_FORMAT = dwarf;
				ENABLE_STRICT_OBJC_MSGSEND = YES;
				ENABLE_TESTABILITY = YES;
				GCC_C_LANGUAGE_STANDARD = gnu11;
				GCC_DYNAMIC_NO_PIC = NO;
				GCC_NO_COMMON_BLOCKS = YES;
				GCC_OPTIMIZATION_LEVEL = 0;
				GCC_PREPROCESSOR_DEFINITIONS = (
					"DEBUG=1",
					"$(inherited)",
				);
				GCC_WARN_64_TO_32_BIT_CONVERSION = YES;
				GCC_WARN_ABOUT_RETURN_TYPE = YES_ERROR;
				GCC_WARN_UNDECLARED_SELECTOR = YES;
				GCC_WARN_UNINITIALIZED_AUTOS = YES_AGGRESSIVE;
				GCC_WARN_UNUSED_FUNCTION = YES;
				GCC_WARN_UNUSED_VARIABLE = YES;
				IPHONEOS_DEPLOYMENT_TARGET = 13.0;
				MTL_ENABLE_DEBUG_INFO = INCLUDE_SOURCE;
				MTL_FAST_MATH = YES;
				ONLY_ACTIVE_ARCH = YES;
				SDKROOT = iphoneos;
			};
			name = Debug;
		};
		483E73512567AF0D00BD0600 /* Release */ = {
			isa = XCBuildConfiguration;
			buildSettings = {
				ALWAYS_SEARCH_USER_PATHS = NO;
				CLANG_ANALYZER_NONNULL = YES;
				CLANG_ANALYZER_NUMBER_OBJECT_CONVERSION = YES_AGGRESSIVE;
				CLANG_CXX_LANGUAGE_STANDARD = "gnu++14";
				CLANG_CXX_LIBRARY = "libc++";
				CLANG_ENABLE_MODULES = YES;
				CLANG_ENABLE_OBJC_ARC = YES;
				CLANG_ENABLE_OBJC_WEAK = YES;
				CLANG_WARN_BLOCK_CAPTURE_AUTORELEASING = YES;
				CLANG_WARN_BOOL_CONVERSION = YES;
				CLANG_WARN_COMMA = YES;
				CLANG_WARN_CONSTANT_CONVERSION = YES;
				CLANG_WARN_DEPRECATED_OBJC_IMPLEMENTATIONS = YES;
				CLANG_WARN_DIRECT_OBJC_ISA_USAGE = YES_ERROR;
				CLANG_WARN_DOCUMENTATION_COMMENTS = YES;
				CLANG_WARN_EMPTY_BODY = YES;
				CLANG_WARN_ENUM_CONVERSION = YES;
				CLANG_WARN_INFINITE_RECURSION = YES;
				CLANG_WARN_INT_CONVERSION = YES;
				CLANG_WARN_NON_LITERAL_NULL_CONVERSION = YES;
				CLANG_WARN_OBJC_IMPLICIT_RETAIN_SELF = YES;
				CLANG_WARN_OBJC_LITERAL_CONVERSION = YES;
				CLANG_WARN_OBJC_ROOT_CLASS = YES_ERROR;
				CLANG_WARN_QUOTED_INCLUDE_IN_FRAMEWORK_HEADER = YES;
				CLANG_WARN_RANGE_LOOP_ANALYSIS = YES;
				CLANG_WARN_STRICT_PROTOTYPES = YES;
				CLANG_WARN_SUSPICIOUS_MOVE = YES;
				CLANG_WARN_UNGUARDED_AVAILABILITY = YES_AGGRESSIVE;
				CLANG_WARN_UNREACHABLE_CODE = YES;
				CLANG_WARN__DUPLICATE_METHOD_MATCH = YES;
				COPY_PHASE_STRIP = NO;
				DEBUG_INFORMATION_FORMAT = "dwarf-with-dsym";
				ENABLE_NS_ASSERTIONS = NO;
				ENABLE_STRICT_OBJC_MSGSEND = YES;
				GCC_C_LANGUAGE_STANDARD = gnu11;
				GCC_NO_COMMON_BLOCKS = YES;
				GCC_WARN_64_TO_32_BIT_CONVERSION = YES;
				GCC_WARN_ABOUT_RETURN_TYPE = YES_ERROR;
				GCC_WARN_UNDECLARED_SELECTOR = YES;
				GCC_WARN_UNINITIALIZED_AUTOS = YES_AGGRESSIVE;
				GCC_WARN_UNUSED_FUNCTION = YES;
				GCC_WARN_UNUSED_VARIABLE = YES;
				IPHONEOS_DEPLOYMENT_TARGET = 13.0;
				MTL_ENABLE_DEBUG_INFO = NO;
				MTL_FAST_MATH = YES;
				SDKROOT = iphoneos;
				VALIDATE_PRODUCT = YES;
			};
			name = Release;
		};
		483E73532567AF0D00BD0600 /* Debug */ = {
			isa = XCBuildConfiguration;
			buildSettings = {
				ASSETCATALOG_COMPILER_APPICON_NAME = AppIcon;
				ASSETCATALOG_COMPILER_GLOBAL_ACCENT_COLOR_NAME = AccentColor;
				CODE_SIGN_STYLE = Automatic;
				INFOPLIST_FILE = MQLSPDemo/Info.plist;
				LD_RUNPATH_SEARCH_PATHS = (
					"$(inherited)",
					"@executable_path/Frameworks",
				);
				PRODUCT_BUNDLE_IDENTIFIER = com.Twist.MQLSPDemo;
				PRODUCT_NAME = "$(TARGET_NAME)";
				TARGETED_DEVICE_FAMILY = "1,2";
			};
			name = Debug;
		};
		483E73542567AF0D00BD0600 /* Release */ = {
			isa = XCBuildConfiguration;
			buildSettings = {
				ASSETCATALOG_COMPILER_APPICON_NAME = AppIcon;
				ASSETCATALOG_COMPILER_GLOBAL_ACCENT_COLOR_NAME = AccentColor;
				CODE_SIGN_STYLE = Automatic;
				INFOPLIST_FILE = MQLSPDemo/Info.plist;
				LD_RUNPATH_SEARCH_PATHS = (
					"$(inherited)",
					"@executable_path/Frameworks",
				);
				PRODUCT_BUNDLE_IDENTIFIER = com.Twist.MQLSPDemo;
				PRODUCT_NAME = "$(TARGET_NAME)";
				TARGETED_DEVICE_FAMILY = "1,2";
			};
			name = Release;
		};
/* End XCBuildConfiguration section */

/* Begin XCConfigurationList section */
		483E73342567AF0D00BD0600 /* Build configuration list for PBXProject "MQLSPDemo" */ = {
			isa = XCConfigurationList;
			buildConfigurations = (
				483E73502567AF0D00BD0600 /* Debug */,
				483E73512567AF0D00BD0600 /* Release */,
			);
			defaultConfigurationIsVisible = 0;
			defaultConfigurationName = Release;
		};
		483E73522567AF0D00BD0600 /* Build configuration list for PBXNativeTarget "MQLSPDemo" */ = {
			isa = XCConfigurationList;
			buildConfigurations = (
				483E73532567AF0D00BD0600 /* Debug */,
				483E73542567AF0D00BD0600 /* Release */,
			);
			defaultConfigurationIsVisible = 0;
			defaultConfigurationName = Release;
		};
/* End XCConfigurationList section */
	};
	rootObject = 483E73312567AF0D00BD0600 /* Project object */;
}
